
Microsoft Visual Studio Solution File, Format Version 12.00
# Visual Studio 15
VisualStudioVersion = 15.0.28307.136
MinimumVisualStudioVersion = 10.0.40219.1
Project("{FAE04EC0-301F-11D3-BF4B-00C04F79EFBC}") = "SvgD3Demo", "SvgD3Demo\SvgD3Demo.csproj", "{08D1042E-EF3F-4240-83CD-9CBA5CC160E9}"
EndProject
Global
	GlobalSection(SolutionConfigurationPlatforms) = preSolution
		Debug|Any CPU = Debug|Any CPU
		Release|Any CPU = Release|Any CPU
	EndGlobalSection
	GlobalSection(ProjectConfigurationPlatforms) = postSolution
		{08D1042E-EF3F-4240-83CD-9CBA5CC160E9}.Debug|Any CPU.ActiveCfg = Debug|Any CPU
		{08D1042E-EF3F-4240-83CD-9CBA5CC160E9}.Debug|Any CPU.Build.0 = Debug|Any CPU
		{08D1042E-EF3F-4240-83CD-9CBA5CC160E9}.Release|Any CPU.ActiveCfg = Release|Any CPU
		{08D1042E-EF3F-4240-83CD-9CBA5CC160E9}.Release|Any CPU.Build.0 = Release|Any CPU
	EndGlobalSection
	GlobalSection(SolutionProperties) = preSolution
		HideSolutionNode = FALSE
	EndGlobalSection
	GlobalSection(ExtensibilityGlobals) = postSolution
		SolutionGuid = {90074DE6-99AE-497E-895F-916498A4BE8E}
	EndGlobalSection
EndGlobal
